# This file is automatically @generated by Wally.
# It is not intended for manual editing.
registry = "test"

[[package]]
name = "clownxz/future"
version = "1.0.0"
dependencies = [["ThreadPool", "clownxz/threadpool@1.0.0"]]

[[package]]
name = "clownxz/threadpool"
version = "1.0.0"
dependencies = []
