# This file is automatically @generated by Wally.
# It is not intended for manual editing.
registry = "test"

[[package]]
name = "yetanotherclown/future"
version = "1.0.0"
dependencies = [["ThreadPool", "yetanotherclown/threadpool@1.0.0"]]

[[package]]
name = "yetanotherclown/threadpool"
version = "1.0.0"
dependencies = []
